// !$*UTF8*$!
{
	archiveVersion = 1;
	classes = {
	};
	objectVersion = 50;
	objects = {

/* Begin PBXBuildFile section */
		5206DB0924F3D65F00DA9862 /* AppDelegate.swift in Sources */ = {isa = PBXBuildFile; fileRef = 5206DB0824F3D65F00DA9862 /* AppDelegate.swift */; };
		5206DB0B24F3D65F00DA9862 /* SceneDelegate.swift in Sources */ = {isa = PBXBuildFile; fileRef = 5206DB0A24F3D65F00DA9862 /* SceneDelegate.swift */; };
		5206DB0D24F3D65F00DA9862 /* MainViewController.swift in Sources */ = {isa = PBXBuildFile; fileRef = 5206DB0C24F3D65F00DA9862 /* MainViewController.swift */; };
		5206DB1024F3D65F00DA9862 /* Main.storyboard in Resources */ = {isa = PBXBuildFile; fileRef = 5206DB0E24F3D65F00DA9862 /* Main.storyboard */; };
		5206DB1324F3D65F00DA9862 /* TneMovie.xcdatamodeld in Sources */ = {isa = PBXBuildFile; fileRef = 5206DB1124F3D65F00DA9862 /* TneMovie.xcdatamodeld */; };
		5206DB1524F3D66100DA9862 /* Assets.xcassets in Resources */ = {isa = PBXBuildFile; fileRef = 5206DB1424F3D66100DA9862 /* Assets.xcassets */; };
		5206DB1824F3D66100DA9862 /* LaunchScreen.storyboard in Resources */ = {isa = PBXBuildFile; fileRef = 5206DB1624F3D66100DA9862 /* LaunchScreen.storyboard */; };
		5206DB2424F3D7F300DA9862 /* MainPresenter.swift in Sources */ = {isa = PBXBuildFile; fileRef = 5206DB2324F3D7F300DA9862 /* MainPresenter.swift */; };
		5206DB2624F3D95000DA9862 /* Movie.swift in Sources */ = {isa = PBXBuildFile; fileRef = 5206DB2524F3D95000DA9862 /* Movie.swift */; };
		5206DB2824F3DE2600DA9862 /* MainViewController.xib in Resources */ = {isa = PBXBuildFile; fileRef = 5206DB2724F3DE2600DA9862 /* MainViewController.xib */; };
		5206DB2A24F3DEED00DA9862 /* ModuleBuilder.swift in Sources */ = {isa = PBXBuildFile; fileRef = 5206DB2924F3DEED00DA9862 /* ModuleBuilder.swift */; };
		5206DB2C24F3ED4D00DA9862 /* NetworkSevice.swift in Sources */ = {isa = PBXBuildFile; fileRef = 5206DB2B24F3ED4D00DA9862 /* NetworkSevice.swift */; };
/* End PBXBuildFile section */

/* Begin PBXFileReference section */
		5206DB0524F3D65F00DA9862 /* TneMovie.app */ = {isa = PBXFileReference; explicitFileType = wrapper.application; includeInIndex = 0; path = TneMovie.app; sourceTree = BUILT_PRODUCTS_DIR; };
		5206DB0824F3D65F00DA9862 /* AppDelegate.swift */ = {isa = PBXFileReference; lastKnownFileType = sourcecode.swift; path = AppDelegate.swift; sourceTree = "<group>"; };
		5206DB0A24F3D65F00DA9862 /* SceneDelegate.swift */ = {isa = PBXFileReference; lastKnownFileType = sourcecode.swift; path = SceneDelegate.swift; sourceTree = "<group>"; };
		5206DB0C24F3D65F00DA9862 /* MainViewController.swift */ = {isa = PBXFileReference; lastKnownFileType = sourcecode.swift; path = MainViewController.swift; sourceTree = "<group>"; };
		5206DB0F24F3D65F00DA9862 /* Base */ = {isa = PBXFileReference; lastKnownFileType = file.storyboard; name = Base; path = Base.lproj/Main.storyboard; sourceTree = "<group>"; };
		5206DB1224F3D65F00DA9862 /* TneMovie.xcdatamodel */ = {isa = PBXFileReference; lastKnownFileType = wrapper.xcdatamodel; path = TneMovie.xcdatamodel; sourceTree = "<group>"; };
		5206DB1424F3D66100DA9862 /* Assets.xcassets */ = {isa = PBXFileReference; lastKnownFileType = folder.assetcatalog; path = Assets.xcassets; sourceTree = "<group>"; };
		5206DB1724F3D66100DA9862 /* Base */ = {isa = PBXFileReference; lastKnownFileType = file.storyboard; name = Base; path = Base.lproj/LaunchScreen.storyboard; sourceTree = "<group>"; };
		5206DB1924F3D66100DA9862 /* Info.plist */ = {isa = PBXFileReference; lastKnownFileType = text.plist.xml; path = Info.plist; sourceTree = "<group>"; };
		5206DB2324F3D7F300DA9862 /* MainPresenter.swift */ = {isa = PBXFileReference; lastKnownFileType = sourcecode.swift; path = MainPresenter.swift; sourceTree = "<group>"; };
		5206DB2524F3D95000DA9862 /* Movie.swift */ = {isa = PBXFileReference; lastKnownFileType = sourcecode.swift; path = Movie.swift; sourceTree = "<group>"; };
		5206DB2724F3DE2600DA9862 /* MainViewController.xib */ = {isa = PBXFileReference; lastKnownFileType = file.xib; path = MainViewController.xib; sourceTree = "<group>"; };
		5206DB2924F3DEED00DA9862 /* ModuleBuilder.swift */ = {isa = PBXFileReference; lastKnownFileType = sourcecode.swift; path = ModuleBuilder.swift; sourceTree = "<group>"; };
		5206DB2B24F3ED4D00DA9862 /* NetworkSevice.swift */ = {isa = PBXFileReference; lastKnownFileType = sourcecode.swift; path = NetworkSevice.swift; sourceTree = "<group>"; };
/* End PBXFileReference section */

/* Begin PBXFrameworksBuildPhase section */
		5206DB0224F3D65F00DA9862 /* Frameworks */ = {
			isa = PBXFrameworksBuildPhase;
			buildActionMask = 2147483647;
			files = (
			);
			runOnlyForDeploymentPostprocessing = 0;
		};
/* End PBXFrameworksBuildPhase section */

/* Begin PBXGroup section */
		5206DAFC24F3D65F00DA9862 = {
			isa = PBXGroup;
			children = (
				5206DB0724F3D65F00DA9862 /* TneMovie */,
				5206DB0624F3D65F00DA9862 /* Products */,
			);
			sourceTree = "<group>";
		};
		5206DB0624F3D65F00DA9862 /* Products */ = {
			isa = PBXGroup;
			children = (
				5206DB0524F3D65F00DA9862 /* TneMovie.app */,
			);
			name = Products;
			sourceTree = "<group>";
		};
		5206DB0724F3D65F00DA9862 /* TneMovie */ = {
			isa = PBXGroup;
			children = (
				5206DB0824F3D65F00DA9862 /* AppDelegate.swift */,
				5206DB0A24F3D65F00DA9862 /* SceneDelegate.swift */,
				5206DB2924F3DEED00DA9862 /* ModuleBuilder.swift */,
				5206DB2D24F3ED6B00DA9862 /* Services */,
				5206DB1F24F3D6B800DA9862 /* MainScreenModule */,
				5206DB0E24F3D65F00DA9862 /* Main.storyboard */,
				5206DB1424F3D66100DA9862 /* Assets.xcassets */,
				5206DB1624F3D66100DA9862 /* LaunchScreen.storyboard */,
				5206DB1924F3D66100DA9862 /* Info.plist */,
				5206DB1124F3D65F00DA9862 /* TneMovie.xcdatamodeld */,
			);
			path = TneMovie;
			sourceTree = "<group>";
		};
		5206DB1F24F3D6B800DA9862 /* MainScreenModule */ = {
			isa = PBXGroup;
			children = (
				5206DB2224F3D7CC00DA9862 /* Model */,
				5206DB2024F3D7A500DA9862 /* View */,
				5206DB2124F3D7BA00DA9862 /* Presenter */,
			);
			path = MainScreenModule;
			sourceTree = "<group>";
		};
		5206DB2024F3D7A500DA9862 /* View */ = {
			isa = PBXGroup;
			children = (
				5206DB0C24F3D65F00DA9862 /* MainViewController.swift */,
				5206DB2724F3DE2600DA9862 /* MainViewController.xib */,
			);
			path = View;
			sourceTree = "<group>";
		};
		5206DB2124F3D7BA00DA9862 /* Presenter */ = {
			isa = PBXGroup;
			children = (
				5206DB2324F3D7F300DA9862 /* MainPresenter.swift */,
			);
			path = Presenter;
			sourceTree = "<group>";
		};
		5206DB2224F3D7CC00DA9862 /* Model */ = {
			isa = PBXGroup;
			children = (
				5206DB2524F3D95000DA9862 /* Movie.swift */,
			);
			path = Model;
			sourceTree = "<group>";
		};
		5206DB2D24F3ED6B00DA9862 /* Services */ = {
			isa = PBXGroup;
			children = (
				5206DB2B24F3ED4D00DA9862 /* NetworkSevice.swift */,
			);
			path = Services;
			sourceTree = "<group>";
		};
/* End PBXGroup section */

/* Begin PBXNativeTarget section */
		5206DB0424F3D65F00DA9862 /* TneMovie */ = {
			isa = PBXNativeTarget;
			buildConfigurationList = 5206DB1C24F3D66100DA9862 /* Build configuration list for PBXNativeTarget "TneMovie" */;
			buildPhases = (
				5206DB0124F3D65F00DA9862 /* Sources */,
				5206DB0224F3D65F00DA9862 /* Frameworks */,
				5206DB0324F3D65F00DA9862 /* Resources */,
			);
			buildRules = (
			);
			dependencies = (
			);
			name = TneMovie;
			productName = TneMovie;
			productReference = 5206DB0524F3D65F00DA9862 /* TneMovie.app */;
			productType = "com.apple.product-type.application";
		};
/* End PBXNativeTarget section */

/* Begin PBXProject section */
		5206DAFD24F3D65F00DA9862 /* Project object */ = {
			isa = PBXProject;
			attributes = {
				LastSwiftUpdateCheck = 1150;
				LastUpgradeCheck = 1150;
				ORGANIZATIONNAME = skarev;
				TargetAttributes = {
					5206DB0424F3D65F00DA9862 = {
						CreatedOnToolsVersion = 11.5;
					};
				};
			};
			buildConfigurationList = 5206DB0024F3D65F00DA9862 /* Build configuration list for PBXProject "TneMovie" */;
			compatibilityVersion = "Xcode 9.3";
			developmentRegion = en;
			hasScannedForEncodings = 0;
			knownRegions = (
				en,
				Base,
			);
			mainGroup = 5206DAFC24F3D65F00DA9862;
			productRefGroup = 5206DB0624F3D65F00DA9862 /* Products */;
			projectDirPath = "";
			projectRoot = "";
			targets = (
				5206DB0424F3D65F00DA9862 /* TneMovie */,
			);
		};
/* End PBXProject section */

/* Begin PBXResourcesBuildPhase section */
		5206DB0324F3D65F00DA9862 /* Resources */ = {
			isa = PBXResourcesBuildPhase;
			buildActionMask = 2147483647;
			files = (
				5206DB1824F3D66100DA9862 /* LaunchScreen.storyboard in Resources */,
				5206DB1524F3D66100DA9862 /* Assets.xcassets in Resources */,
				5206DB1024F3D65F00DA9862 /* Main.storyboard in Resources */,
				5206DB2824F3DE2600DA9862 /* MainViewController.xib in Resources */,
			);
			runOnlyForDeploymentPostprocessing = 0;
		};
/* End PBXResourcesBuildPhase section */

/* Begin PBXSourcesBuildPhase section */
		5206DB0124F3D65F00DA9862 /* Sources */ = {
			isa = PBXSourcesBuildPhase;
			buildActionMask = 2147483647;
			files = (
				5206DB2424F3D7F300DA9862 /* MainPresenter.swift in Sources */,
				5206DB2624F3D95000DA9862 /* Movie.swift in Sources */,
				5206DB1324F3D65F00DA9862 /* TneMovie.xcdatamodeld in Sources */,
				5206DB0D24F3D65F00DA9862 /* MainViewController.swift in Sources */,
				5206DB2A24F3DEED00DA9862 /* ModuleBuilder.swift in Sources */,
				5206DB0924F3D65F00DA9862 /* AppDelegate.swift in Sources */,
				5206DB0B24F3D65F00DA9862 /* SceneDelegate.swift in Sources */,
				5206DB2C24F3ED4D00DA9862 /* NetworkSevice.swift in Sources */,
			);
			runOnlyForDeploymentPostprocessing = 0;
		};
/* End PBXSourcesBuildPhase section */

/* Begin PBXVariantGroup section */
		5206DB0E24F3D65F00DA9862 /* Main.storyboard */ = {
			isa = PBXVariantGroup;
			children = (
				5206DB0F24F3D65F00DA9862 /* Base */,
			);
			name = Main.storyboard;
			sourceTree = "<group>";
		};
		5206DB1624F3D66100DA9862 /* LaunchScreen.storyboard */ = {
			isa = PBXVariantGroup;
			children = (
				5206DB1724F3D66100DA9862 /* Base */,
			);
			name = LaunchScreen.storyboard;
			sourceTree = "<group>";
		};
/* End PBXVariantGroup section */

/* Begin XCBuildConfiguration section */
		5206DB1A24F3D66100DA9862 /* Debug */ = {
			isa = XCBuildConfiguration;
			buildSettings = {
				ALWAYS_SEARCH_USER_PATHS = NO;
				CLANG_ANALYZER_NONNULL = YES;
				CLANG_ANALYZER_NUMBER_OBJECT_CONVERSION = YES_AGGRESSIVE;
				CLANG_CXX_LANGUAGE_STANDARD = "gnu++14";
				CLANG_CXX_LIBRARY = "libc++";
				CLANG_ENABLE_MODULES = YES;
				CLANG_ENABLE_OBJC_ARC = YES;
				CLANG_ENABLE_OBJC_WEAK = YES;
				CLANG_WARN_BLOCK_CAPTURE_AUTORELEASING = YES;
				CLANG_WARN_BOOL_CONVERSION = YES;
				CLANG_WARN_COMMA = YES;
				CLANG_WARN_CONSTANT_CONVERSION = YES;
				CLANG_WARN_DEPRECATED_OBJC_IMPLEMENTATIONS = YES;
				CLANG_WARN_DIRECT_OBJC_ISA_USAGE = YES_ERROR;
				CLANG_WARN_DOCUMENTATION_COMMENTS = YES;
				CLANG_WARN_EMPTY_BODY = YES;
				CLANG_WARN_ENUM_CONVERSION = YES;
				CLANG_WARN_INFINITE_RECURSION = YES;
				CLANG_WARN_INT_CONVERSION = YES;
				CLANG_WARN_NON_LITERAL_NULL_CONVERSION = YES;
				CLANG_WARN_OBJC_IMPLICIT_RETAIN_SELF = YES;
				CLANG_WARN_OBJC_LITERAL_CONVERSION = YES;
				CLANG_WARN_OBJC_ROOT_CLASS = YES_ERROR;
				CLANG_WARN_RANGE_LOOP_ANALYSIS = YES;
				CLANG_WARN_STRICT_PROTOTYPES = YES;
				CLANG_WARN_SUSPICIOUS_MOVE = YES;
				CLANG_WARN_UNGUARDED_AVAILABILITY = YES_AGGRESSIVE;
				CLANG_WARN_UNREACHABLE_CODE = YES;
				CLANG_WARN__DUPLICATE_METHOD_MATCH = YES;
				COPY_PHASE_STRIP = NO;
				DEBUG_INFORMATION_FORMAT = dwarf;
				ENABLE_STRICT_OBJC_MSGSEND = YES;
				ENABLE_TESTABILITY = YES;
				GCC_C_LANGUAGE_STANDARD = gnu11;
				GCC_DYNAMIC_NO_PIC = NO;
				GCC_NO_COMMON_BLOCKS = YES;
				GCC_OPTIMIZATION_LEVEL = 0;
				GCC_PREPROCESSOR_DEFINITIONS = (
					"DEBUG=1",
					"$(inherited)",
				);
				GCC_WARN_64_TO_32_BIT_CONVERSION = YES;
				GCC_WARN_ABOUT_RETURN_TYPE = YES_ERROR;
				GCC_WARN_UNDECLARED_SELECTOR = YES;
				GCC_WARN_UNINITIALIZED_AUTOS = YES_AGGRESSIVE;
				GCC_WARN_UNUSED_FUNCTION = YES;
				GCC_WARN_UNUSED_VARIABLE = YES;
				IPHONEOS_DEPLOYMENT_TARGET = 13.5;
				MTL_ENABLE_DEBUG_INFO = INCLUDE_SOURCE;
				MTL_FAST_MATH = YES;
				ONLY_ACTIVE_ARCH = YES;
				SDKROOT = iphoneos;
				SWIFT_ACTIVE_COMPILATION_CONDITIONS = DEBUG;
				SWIFT_OPTIMIZATION_LEVEL = "-Onone";
			};
			name = Debug;
		};
		5206DB1B24F3D66100DA9862 /* Release */ = {
			isa = XCBuildConfiguration;
			buildSettings = {
				ALWAYS_SEARCH_USER_PATHS = NO;
				CLANG_ANALYZER_NONNULL = YES;
				CLANG_ANALYZER_NUMBER_OBJECT_CONVERSION = YES_AGGRESSIVE;
				CLANG_CXX_LANGUAGE_STANDARD = "gnu++14";
				CLANG_CXX_LIBRARY = "libc++";
				CLANG_ENABLE_MODULES = YES;
				CLANG_ENABLE_OBJC_ARC = YES;
				CLANG_ENABLE_OBJC_WEAK = YES;
				CLANG_WARN_BLOCK_CAPTURE_AUTORELEASING = YES;
				CLANG_WARN_BOOL_CONVERSION = YES;
				CLANG_WARN_COMMA = YES;
				CLANG_WARN_CONSTANT_CONVERSION = YES;
				CLANG_WARN_DEPRECATED_OBJC_IMPLEMENTATIONS = YES;
				CLANG_WARN_DIRECT_OBJC_ISA_USAGE = YES_ERROR;
				CLANG_WARN_DOCUMENTATION_COMMENTS = YES;
				CLANG_WARN_EMPTY_BODY = YES;
				CLANG_WARN_ENUM_CONVERSION = YES;
				CLANG_WARN_INFINITE_RECURSION = YES;
				CLANG_WARN_INT_CONVERSION = YES;
				CLANG_WARN_NON_LITERAL_NULL_CONVERSION = YES;
				CLANG_WARN_OBJC_IMPLICIT_RETAIN_SELF = YES;
				CLANG_WARN_OBJC_LITERAL_CONVERSION = YES;
				CLANG_WARN_OBJC_ROOT_CLASS = YES_ERROR;
				CLANG_WARN_RANGE_LOOP_ANALYSIS = YES;
				CLANG_WARN_STRICT_PROTOTYPES = YES;
				CLANG_WARN_SUSPICIOUS_MOVE = YES;
				CLANG_WARN_UNGUARDED_AVAILABILITY = YES_AGGRESSIVE;
				CLANG_WARN_UNREACHABLE_CODE = YES;
				CLANG_WARN__DUPLICATE_METHOD_MATCH = YES;
				COPY_PHASE_STRIP = NO;
				DEBUG_INFORMATION_FORMAT = "dwarf-with-dsym";
				ENABLE_NS_ASSERTIONS = NO;
				ENABLE_STRICT_OBJC_MSGSEND = YES;
				GCC_C_LANGUAGE_STANDARD = gnu11;
				GCC_NO_COMMON_BLOCKS = YES;
				GCC_WARN_64_TO_32_BIT_CONVERSION = YES;
				GCC_WARN_ABOUT_RETURN_TYPE = YES_ERROR;
				GCC_WARN_UNDECLARED_SELECTOR = YES;
				GCC_WARN_UNINITIALIZED_AUTOS = YES_AGGRESSIVE;
				GCC_WARN_UNUSED_FUNCTION = YES;
				GCC_WARN_UNUSED_VARIABLE = YES;
				IPHONEOS_DEPLOYMENT_TARGET = 13.5;
				MTL_ENABLE_DEBUG_INFO = NO;
				MTL_FAST_MATH = YES;
				SDKROOT = iphoneos;
				SWIFT_COMPILATION_MODE = wholemodule;
				SWIFT_OPTIMIZATION_LEVEL = "-O";
				VALIDATE_PRODUCT = YES;
			};
			name = Release;
		};
		5206DB1D24F3D66100DA9862 /* Debug */ = {
			isa = XCBuildConfiguration;
			buildSettings = {
				ASSETCATALOG_COMPILER_APPICON_NAME = AppIcon;
				CODE_SIGN_STYLE = Automatic;
				INFOPLIST_FILE = TneMovie/Info.plist;
				LD_RUNPATH_SEARCH_PATHS = (
					"$(inherited)",
					"@executable_path/Frameworks",
				);
				PRODUCT_BUNDLE_IDENTIFIER = com.skarev.TneMovie;
				PRODUCT_NAME = "$(TARGET_NAME)";
				SWIFT_VERSION = 5.0;
				TARGETED_DEVICE_FAMILY = "1,2";
			};
			name = Debug;
		};
		5206DB1E24F3D66100DA9862 /* Release */ = {
			isa = XCBuildConfiguration;
			buildSettings = {
				ASSETCATALOG_COMPILER_APPICON_NAME = AppIcon;
				CODE_SIGN_STYLE = Automatic;
				INFOPLIST_FILE = TneMovie/Info.plist;
				LD_RUNPATH_SEARCH_PATHS = (
					"$(inherited)",
					"@executable_path/Frameworks",
				);
				PRODUCT_BUNDLE_IDENTIFIER = com.skarev.TneMovie;
				PRODUCT_NAME = "$(TARGET_NAME)";
				SWIFT_VERSION = 5.0;
				TARGETED_DEVICE_FAMILY = "1,2";
			};
			name = Release;
		};
/* End XCBuildConfiguration section */

/* Begin XCConfigurationList section */
		5206DB0024F3D65F00DA9862 /* Build configuration list for PBXProject "TneMovie" */ = {
			isa = XCConfigurationList;
			buildConfigurations = (
				5206DB1A24F3D66100DA9862 /* Debug */,
				5206DB1B24F3D66100DA9862 /* Release */,
			);
			defaultConfigurationIsVisible = 0;
			defaultConfigurationName = Release;
		};
		5206DB1C24F3D66100DA9862 /* Build configuration list for PBXNativeTarget "TneMovie" */ = {
			isa = XCConfigurationList;
			buildConfigurations = (
				5206DB1D24F3D66100DA9862 /* Debug */,
				5206DB1E24F3D66100DA9862 /* Release */,
			);
			defaultConfigurationIsVisible = 0;
			defaultConfigurationName = Release;
		};
/* End XCConfigurationList section */

/* Begin XCVersionGroup section */
		5206DB1124F3D65F00DA9862 /* TneMovie.xcdatamodeld */ = {
			isa = XCVersionGroup;
			children = (
				5206DB1224F3D65F00DA9862 /* TneMovie.xcdatamodel */,
			);
			currentVersion = 5206DB1224F3D65F00DA9862 /* TneMovie.xcdatamodel */;
			path = TneMovie.xcdatamodeld;
			sourceTree = "<group>";
			versionGroupType = wrapper.xcdatamodel;
		};
/* End XCVersionGroup section */
	};
	rootObject = 5206DAFD24F3D65F00DA9862 /* Project object */;
}
